
Microsoft Visual Studio Solution File, Format Version 12.00
# Visual Studio Version 17
VisualStudioVersion = 17.12.35707.178 d17.12
MinimumVisualStudioVersion = 10.0.40219.1
Project("{FAE04EC0-301F-11D3-BF4B-00C04F79EFBC}") = "Lab1Oleksenko", "Lab1Oleksenko\Lab1Oleksenko.csproj", "{6D1844FE-33EF-48B0-B8F3-0CD181FE1CBF}"
EndProject
Global
	GlobalSection(SolutionConfigurationPlatforms) = preSolution
		Debug|Any CPU = Debug|Any CPU
		Release|Any CPU = Release|Any CPU
	EndGlobalSection
	GlobalSection(ProjectConfigurationPlatforms) = postSolution
		{6D1844FE-33EF-48B0-B8F3-0CD181FE1CBF}.Debug|Any CPU.ActiveCfg = Debug|Any CPU
		{6D1844FE-33EF-48B0-B8F3-0CD181FE1CBF}.Debug|Any CPU.Build.0 = Debug|Any CPU
		{6D1844FE-33EF-48B0-B8F3-0CD181FE1CBF}.Release|Any CPU.ActiveCfg = Release|Any CPU
		{6D1844FE-33EF-48B0-B8F3-0CD181FE1CBF}.Release|Any CPU.Build.0 = Release|Any CPU
	EndGlobalSection
	GlobalSection(SolutionProperties) = preSolution
		HideSolutionNode = FALSE
	EndGlobalSection
EndGlobal
